
Microsoft Visual Studio Solution File, Format Version 12.00
# Visual Studio Version 17
VisualStudioVersion = 17.10.35027.167
MinimumVisualStudioVersion = 10.0.40219.1
Project("{8BC9CEB8-8B4A-11D0-8D11-00A0C91BC942}") = "BOJ_28248", "BOJ_28248.vcxproj", "{D874A261-EE22-4A99-AA4A-99F644057F5D}"
EndProject
Global
	GlobalSection(SolutionConfigurationPlatforms) = preSolution
		Debug|x64 = Debug|x64
		Release|x64 = Release|x64
	EndGlobalSection
	GlobalSection(ProjectConfigurationPlatforms) = postSolution
		{D874A261-EE22-4A99-AA4A-99F644057F5D}.Debug|x64.ActiveCfg = Debug|x64
		{D874A261-EE22-4A99-AA4A-99F644057F5D}.Debug|x64.Build.0 = Debug|x64
		{D874A261-EE22-4A99-AA4A-99F644057F5D}.Release|x64.ActiveCfg = Release|x64
		{D874A261-EE22-4A99-AA4A-99F644057F5D}.Release|x64.Build.0 = Release|x64
	EndGlobalSection
	GlobalSection(SolutionProperties) = preSolution
		HideSolutionNode = FALSE
	EndGlobalSection
	GlobalSection(ExtensibilityGlobals) = postSolution
		SolutionGuid = {627745C3-EEE1-4D79-88DD-9B5638B2D89C}
	EndGlobalSection
EndGlobal
